// !$*UTF8*$!
{
	archiveVersion = 1;
	classes = {
	};
	objectVersion = 55;
	objects = {

/* Begin PBXBuildFile section */
		EB364C73276BE54500BDAF72 /* LICENSE in Resources */ = {isa = PBXBuildFile; fileRef = EB364C71276BE54500BDAF72 /* LICENSE */; };
		EB364C74276BE54500BDAF72 /* README.md in Resources */ = {isa = PBXBuildFile; fileRef = EB364C72276BE54500BDAF72 /* README.md */; };
		EB3EA71F27689A6500ECFB33 /* monoApp.swift in Sources */ = {isa = PBXBuildFile; fileRef = EB3EA71E27689A6500ECFB33 /* monoApp.swift */; };
		EB3EA72127689A6500ECFB33 /* monoDocument.swift in Sources */ = {isa = PBXBuildFile; fileRef = EB3EA72027689A6500ECFB33 /* monoDocument.swift */; };
		EB3EA72327689A6500ECFB33 /* WKContentView.swift in Sources */ = {isa = PBXBuildFile; fileRef = EB3EA72227689A6500ECFB33 /* WKContentView.swift */; };
		EB3EA72527689A6600ECFB33 /* Assets.xcassets in Resources */ = {isa = PBXBuildFile; fileRef = EB3EA72427689A6600ECFB33 /* Assets.xcassets */; };
		EB3EA72827689A6600ECFB33 /* Preview Assets.xcassets in Resources */ = {isa = PBXBuildFile; fileRef = EB3EA72727689A6600ECFB33 /* Preview Assets.xcassets */; };
		EB3EA73427689A6600ECFB33 /* hTests.swift in Sources */ = {isa = PBXBuildFile; fileRef = EB3EA73327689A6600ECFB33 /* hTests.swift */; };
		EB3EA73E27689A6600ECFB33 /* hUITests.swift in Sources */ = {isa = PBXBuildFile; fileRef = EB3EA73D27689A6600ECFB33 /* hUITests.swift */; };
		EB3EA74027689A6600ECFB33 /* hUITestsLaunchTests.swift in Sources */ = {isa = PBXBuildFile; fileRef = EB3EA73F27689A6600ECFB33 /* hUITestsLaunchTests.swift */; };
		EB4B59142769F0A300B8BD80 /* fileEnum.swift in Sources */ = {isa = PBXBuildFile; fileRef = EB4B59132769F0A300B8BD80 /* fileEnum.swift */; };
		EB55A32A276B87C70036F475 /* PreferencesView.swift in Sources */ = {isa = PBXBuildFile; fileRef = EB55A329276B87C70036F475 /* PreferencesView.swift */; };
		EB55A32E276B89FE0036F475 /* Preferences in Frameworks */ = {isa = PBXBuildFile; productRef = EB55A32D276B89FE0036F475 /* Preferences */; };
		EB55A330276BB5D20036F475 /* AboutView.swift in Sources */ = {isa = PBXBuildFile; fileRef = EB55A32F276BB5D20036F475 /* AboutView.swift */; };
		EBAC55A8276BCC62009F5B4F /* LightContentView.swift in Sources */ = {isa = PBXBuildFile; fileRef = EBAC55A7276BCC62009F5B4F /* LightContentView.swift */; };
		EBB0BB6F27693D4F0024009C /* MarkdownUI in Frameworks */ = {isa = PBXBuildFile; productRef = EBB0BB6E27693D4F0024009C /* MarkdownUI */; };
		EBB0BB71276945CC0024009C /* MarkDownView.swift in Sources */ = {isa = PBXBuildFile; fileRef = EBB0BB70276945CC0024009C /* MarkDownView.swift */; };
		EBC4CCC02768B17B00267139 /* SwiftyMonaco in Frameworks */ = {isa = PBXBuildFile; productRef = EBC4CCBF2768B17B00267139 /* SwiftyMonaco */; };
/* End PBXBuildFile section */

/* Begin PBXContainerItemProxy section */
		EB3EA73027689A6600ECFB33 /* PBXContainerItemProxy */ = {
			isa = PBXContainerItemProxy;
			containerPortal = EB3EA71327689A6500ECFB33 /* Project object */;
			proxyType = 1;
			remoteGlobalIDString = EB3EA71A27689A6500ECFB33;
			remoteInfo = h;
		};
		EB3EA73A27689A6600ECFB33 /* PBXContainerItemProxy */ = {
			isa = PBXContainerItemProxy;
			containerPortal = EB3EA71327689A6500ECFB33 /* Project object */;
			proxyType = 1;
			remoteGlobalIDString = EB3EA71A27689A6500ECFB33;
			remoteInfo = h;
		};
/* End PBXContainerItemProxy section */

/* Begin PBXFileReference section */
		EB364C71276BE54500BDAF72 /* LICENSE */ = {isa = PBXFileReference; fileEncoding = 4; lastKnownFileType = text; path = LICENSE; sourceTree = "<group>"; };
		EB364C72276BE54500BDAF72 /* README.md */ = {isa = PBXFileReference; fileEncoding = 4; lastKnownFileType = net.daringfireball.markdown; path = README.md; sourceTree = "<group>"; };
		EB3EA71B27689A6500ECFB33 /* mono.app */ = {isa = PBXFileReference; explicitFileType = wrapper.application; includeInIndex = 0; path = mono.app; sourceTree = BUILT_PRODUCTS_DIR; };
		EB3EA71E27689A6500ECFB33 /* monoApp.swift */ = {isa = PBXFileReference; lastKnownFileType = sourcecode.swift; path = monoApp.swift; sourceTree = "<group>"; };
		EB3EA72027689A6500ECFB33 /* monoDocument.swift */ = {isa = PBXFileReference; lastKnownFileType = sourcecode.swift; path = monoDocument.swift; sourceTree = "<group>"; };
		EB3EA72227689A6500ECFB33 /* WKContentView.swift */ = {isa = PBXFileReference; lastKnownFileType = sourcecode.swift; path = WKContentView.swift; sourceTree = "<group>"; };
		EB3EA72427689A6600ECFB33 /* Assets.xcassets */ = {isa = PBXFileReference; lastKnownFileType = folder.assetcatalog; path = Assets.xcassets; sourceTree = "<group>"; };
		EB3EA72727689A6600ECFB33 /* Preview Assets.xcassets */ = {isa = PBXFileReference; lastKnownFileType = folder.assetcatalog; path = "Preview Assets.xcassets"; sourceTree = "<group>"; };
		EB3EA72927689A6600ECFB33 /* Info.plist */ = {isa = PBXFileReference; lastKnownFileType = text.plist.xml; path = Info.plist; sourceTree = "<group>"; };
		EB3EA72A27689A6600ECFB33 /* mono.entitlements */ = {isa = PBXFileReference; lastKnownFileType = text.plist.entitlements; path = mono.entitlements; sourceTree = "<group>"; };
		EB3EA72F27689A6600ECFB33 /* monoTests.xctest */ = {isa = PBXFileReference; explicitFileType = wrapper.cfbundle; includeInIndex = 0; path = monoTests.xctest; sourceTree = BUILT_PRODUCTS_DIR; };
		EB3EA73327689A6600ECFB33 /* hTests.swift */ = {isa = PBXFileReference; lastKnownFileType = sourcecode.swift; path = hTests.swift; sourceTree = "<group>"; };
		EB3EA73927689A6600ECFB33 /* monoUITests.xctest */ = {isa = PBXFileReference; explicitFileType = wrapper.cfbundle; includeInIndex = 0; path = monoUITests.xctest; sourceTree = BUILT_PRODUCTS_DIR; };
		EB3EA73D27689A6600ECFB33 /* hUITests.swift */ = {isa = PBXFileReference; lastKnownFileType = sourcecode.swift; path = hUITests.swift; sourceTree = "<group>"; };
		EB3EA73F27689A6600ECFB33 /* hUITestsLaunchTests.swift */ = {isa = PBXFileReference; lastKnownFileType = sourcecode.swift; path = hUITestsLaunchTests.swift; sourceTree = "<group>"; };
		EB4B59132769F0A300B8BD80 /* fileEnum.swift */ = {isa = PBXFileReference; lastKnownFileType = sourcecode.swift; path = fileEnum.swift; sourceTree = "<group>"; };
		EB55A329276B87C70036F475 /* PreferencesView.swift */ = {isa = PBXFileReference; lastKnownFileType = sourcecode.swift; path = PreferencesView.swift; sourceTree = "<group>"; };
		EB55A32F276BB5D20036F475 /* AboutView.swift */ = {isa = PBXFileReference; lastKnownFileType = sourcecode.swift; path = AboutView.swift; sourceTree = "<group>"; };
		EBAC55A7276BCC62009F5B4F /* LightContentView.swift */ = {isa = PBXFileReference; lastKnownFileType = sourcecode.swift; path = LightContentView.swift; sourceTree = "<group>"; };
		EBB0BB70276945CC0024009C /* MarkDownView.swift */ = {isa = PBXFileReference; lastKnownFileType = sourcecode.swift; path = MarkDownView.swift; sourceTree = "<group>"; };
/* End PBXFileReference section */

/* Begin PBXFrameworksBuildPhase section */
		EB3EA71827689A6500ECFB33 /* Frameworks */ = {
			isa = PBXFrameworksBuildPhase;
			buildActionMask = 2147483647;
			files = (
				EBC4CCC02768B17B00267139 /* SwiftyMonaco in Frameworks */,
				EB55A32E276B89FE0036F475 /* Preferences in Frameworks */,
				EBB0BB6F27693D4F0024009C /* MarkdownUI in Frameworks */,
			);
			runOnlyForDeploymentPostprocessing = 0;
		};
		EB3EA72C27689A6600ECFB33 /* Frameworks */ = {
			isa = PBXFrameworksBuildPhase;
			buildActionMask = 2147483647;
			files = (
			);
			runOnlyForDeploymentPostprocessing = 0;
		};
		EB3EA73627689A6600ECFB33 /* Frameworks */ = {
			isa = PBXFrameworksBuildPhase;
			buildActionMask = 2147483647;
			files = (
			);
			runOnlyForDeploymentPostprocessing = 0;
		};
/* End PBXFrameworksBuildPhase section */

/* Begin PBXGroup section */
		EB3EA71227689A6500ECFB33 = {
			isa = PBXGroup;
			children = (
				EB364C71276BE54500BDAF72 /* LICENSE */,
				EB364C72276BE54500BDAF72 /* README.md */,
				EB3EA71D27689A6500ECFB33 /* mono */,
				EB3EA73227689A6600ECFB33 /* monoTests */,
				EB3EA73C27689A6600ECFB33 /* monoUITests */,
				EB3EA71C27689A6500ECFB33 /* Products */,
			);
			sourceTree = "<group>";
		};
		EB3EA71C27689A6500ECFB33 /* Products */ = {
			isa = PBXGroup;
			children = (
				EB3EA71B27689A6500ECFB33 /* mono.app */,
				EB3EA72F27689A6600ECFB33 /* monoTests.xctest */,
				EB3EA73927689A6600ECFB33 /* monoUITests.xctest */,
			);
			name = Products;
			sourceTree = "<group>";
		};
		EB3EA71D27689A6500ECFB33 /* mono */ = {
			isa = PBXGroup;
			children = (
				EB55A32B276B87CD0036F475 /* Views */,
				EB3EA71E27689A6500ECFB33 /* monoApp.swift */,
				EB3EA72027689A6500ECFB33 /* monoDocument.swift */,
				EB4B59132769F0A300B8BD80 /* fileEnum.swift */,
				EB3EA72427689A6600ECFB33 /* Assets.xcassets */,
				EB3EA72927689A6600ECFB33 /* Info.plist */,
				EB3EA72A27689A6600ECFB33 /* mono.entitlements */,
				EB3EA72627689A6600ECFB33 /* Preview Content */,
			);
			path = mono;
			sourceTree = "<group>";
		};
		EB3EA72627689A6600ECFB33 /* Preview Content */ = {
			isa = PBXGroup;
			children = (
				EB3EA72727689A6600ECFB33 /* Preview Assets.xcassets */,
			);
			path = "Preview Content";
			sourceTree = "<group>";
		};
		EB3EA73227689A6600ECFB33 /* monoTests */ = {
			isa = PBXGroup;
			children = (
				EB3EA73327689A6600ECFB33 /* hTests.swift */,
			);
			path = monoTests;
			sourceTree = "<group>";
		};
		EB3EA73C27689A6600ECFB33 /* monoUITests */ = {
			isa = PBXGroup;
			children = (
				EB3EA73D27689A6600ECFB33 /* hUITests.swift */,
				EB3EA73F27689A6600ECFB33 /* hUITestsLaunchTests.swift */,
			);
			path = monoUITests;
			sourceTree = "<group>";
		};
		EB55A32B276B87CD0036F475 /* Views */ = {
			isa = PBXGroup;
			children = (
				EB3EA72227689A6500ECFB33 /* WKContentView.swift */,
				EBAC55A7276BCC62009F5B4F /* LightContentView.swift */,
				EBB0BB70276945CC0024009C /* MarkDownView.swift */,
				EB55A329276B87C70036F475 /* PreferencesView.swift */,
				EB55A32F276BB5D20036F475 /* AboutView.swift */,
			);
			name = Views;
			sourceTree = "<group>";
		};
/* End PBXGroup section */

/* Begin PBXNativeTarget section */
		EB3EA71A27689A6500ECFB33 /* mono */ = {
			isa = PBXNativeTarget;
			buildConfigurationList = EB3EA74327689A6600ECFB33 /* Build configuration list for PBXNativeTarget "mono" */;
			buildPhases = (
				EB3EA71727689A6500ECFB33 /* Sources */,
				EB3EA71827689A6500ECFB33 /* Frameworks */,
				EB3EA71927689A6500ECFB33 /* Resources */,
			);
			buildRules = (
			);
			dependencies = (
			);
			name = mono;
			packageProductDependencies = (
				EBC4CCBF2768B17B00267139 /* SwiftyMonaco */,
				EBB0BB6E27693D4F0024009C /* MarkdownUI */,
				EB55A32D276B89FE0036F475 /* Preferences */,
			);
			productName = h;
			productReference = EB3EA71B27689A6500ECFB33 /* mono.app */;
			productType = "com.apple.product-type.application";
		};
		EB3EA72E27689A6600ECFB33 /* monoTests */ = {
			isa = PBXNativeTarget;
			buildConfigurationList = EB3EA74627689A6600ECFB33 /* Build configuration list for PBXNativeTarget "monoTests" */;
			buildPhases = (
				EB3EA72B27689A6600ECFB33 /* Sources */,
				EB3EA72C27689A6600ECFB33 /* Frameworks */,
				EB3EA72D27689A6600ECFB33 /* Resources */,
			);
			buildRules = (
			);
			dependencies = (
				EB3EA73127689A6600ECFB33 /* PBXTargetDependency */,
			);
			name = monoTests;
			productName = hTests;
			productReference = EB3EA72F27689A6600ECFB33 /* monoTests.xctest */;
			productType = "com.apple.product-type.bundle.unit-test";
		};
		EB3EA73827689A6600ECFB33 /* monoUITests */ = {
			isa = PBXNativeTarget;
			buildConfigurationList = EB3EA74927689A6600ECFB33 /* Build configuration list for PBXNativeTarget "monoUITests" */;
			buildPhases = (
				EB3EA73527689A6600ECFB33 /* Sources */,
				EB3EA73627689A6600ECFB33 /* Frameworks */,
				EB3EA73727689A6600ECFB33 /* Resources */,
			);
			buildRules = (
			);
			dependencies = (
				EB3EA73B27689A6600ECFB33 /* PBXTargetDependency */,
			);
			name = monoUITests;
			productName = hUITests;
			productReference = EB3EA73927689A6600ECFB33 /* monoUITests.xctest */;
			productType = "com.apple.product-type.bundle.ui-testing";
		};
/* End PBXNativeTarget section */

/* Begin PBXProject section */
		EB3EA71327689A6500ECFB33 /* Project object */ = {
			isa = PBXProject;
			attributes = {
				BuildIndependentTargetsInParallel = 1;
				KnownAssetTags = (
					New,
				);
				LastSwiftUpdateCheck = 1310;
				LastUpgradeCheck = 1310;
				TargetAttributes = {
					EB3EA71A27689A6500ECFB33 = {
						CreatedOnToolsVersion = 13.1;
					};
					EB3EA72E27689A6600ECFB33 = {
						CreatedOnToolsVersion = 13.1;
						TestTargetID = EB3EA71A27689A6500ECFB33;
					};
					EB3EA73827689A6600ECFB33 = {
						CreatedOnToolsVersion = 13.1;
						TestTargetID = EB3EA71A27689A6500ECFB33;
					};
				};
			};
			buildConfigurationList = EB3EA71627689A6500ECFB33 /* Build configuration list for PBXProject "mono" */;
			compatibilityVersion = "Xcode 13.0";
			developmentRegion = en;
			hasScannedForEncodings = 0;
			knownRegions = (
				en,
				Base,
			);
			mainGroup = EB3EA71227689A6500ECFB33;
			packageReferences = (
				EBC4CCBE2768B17B00267139 /* XCRemoteSwiftPackageReference "SwiftyMonaco" */,
				EBB0BB6D27693D4F0024009C /* XCRemoteSwiftPackageReference "MarkdownUI" */,
				EB55A32C276B89FE0036F475 /* XCRemoteSwiftPackageReference "Preferences" */,
			);
			productRefGroup = EB3EA71C27689A6500ECFB33 /* Products */;
			projectDirPath = "";
			projectRoot = "";
			targets = (
				EB3EA71A27689A6500ECFB33 /* mono */,
				EB3EA72E27689A6600ECFB33 /* monoTests */,
				EB3EA73827689A6600ECFB33 /* monoUITests */,
			);
		};
/* End PBXProject section */

/* Begin PBXResourcesBuildPhase section */
		EB3EA71927689A6500ECFB33 /* Resources */ = {
			isa = PBXResourcesBuildPhase;
			buildActionMask = 2147483647;
			files = (
				EB364C73276BE54500BDAF72 /* LICENSE in Resources */,
				EB3EA72827689A6600ECFB33 /* Preview Assets.xcassets in Resources */,
				EB364C74276BE54500BDAF72 /* README.md in Resources */,
				EB3EA72527689A6600ECFB33 /* Assets.xcassets in Resources */,
			);
			runOnlyForDeploymentPostprocessing = 0;
		};
		EB3EA72D27689A6600ECFB33 /* Resources */ = {
			isa = PBXResourcesBuildPhase;
			buildActionMask = 2147483647;
			files = (
			);
			runOnlyForDeploymentPostprocessing = 0;
		};
		EB3EA73727689A6600ECFB33 /* Resources */ = {
			isa = PBXResourcesBuildPhase;
			buildActionMask = 2147483647;
			files = (
			);
			runOnlyForDeploymentPostprocessing = 0;
		};
/* End PBXResourcesBuildPhase section */

/* Begin PBXSourcesBuildPhase section */
		EB3EA71727689A6500ECFB33 /* Sources */ = {
			isa = PBXSourcesBuildPhase;
			buildActionMask = 2147483647;
			files = (
				EB4B59142769F0A300B8BD80 /* fileEnum.swift in Sources */,
				EB55A330276BB5D20036F475 /* AboutView.swift in Sources */,
				EB55A32A276B87C70036F475 /* PreferencesView.swift in Sources */,
				EB3EA71F27689A6500ECFB33 /* monoApp.swift in Sources */,
				EB3EA72127689A6500ECFB33 /* monoDocument.swift in Sources */,
				EB3EA72327689A6500ECFB33 /* WKContentView.swift in Sources */,
				EBB0BB71276945CC0024009C /* MarkDownView.swift in Sources */,
				EBAC55A8276BCC62009F5B4F /* LightContentView.swift in Sources */,
			);
			runOnlyForDeploymentPostprocessing = 0;
		};
		EB3EA72B27689A6600ECFB33 /* Sources */ = {
			isa = PBXSourcesBuildPhase;
			buildActionMask = 2147483647;
			files = (
				EB3EA73427689A6600ECFB33 /* hTests.swift in Sources */,
			);
			runOnlyForDeploymentPostprocessing = 0;
		};
		EB3EA73527689A6600ECFB33 /* Sources */ = {
			isa = PBXSourcesBuildPhase;
			buildActionMask = 2147483647;
			files = (
				EB3EA73E27689A6600ECFB33 /* hUITests.swift in Sources */,
				EB3EA74027689A6600ECFB33 /* hUITestsLaunchTests.swift in Sources */,
			);
			runOnlyForDeploymentPostprocessing = 0;
		};
/* End PBXSourcesBuildPhase section */

/* Begin PBXTargetDependency section */
		EB3EA73127689A6600ECFB33 /* PBXTargetDependency */ = {
			isa = PBXTargetDependency;
			target = EB3EA71A27689A6500ECFB33 /* mono */;
			targetProxy = EB3EA73027689A6600ECFB33 /* PBXContainerItemProxy */;
		};
		EB3EA73B27689A6600ECFB33 /* PBXTargetDependency */ = {
			isa = PBXTargetDependency;
			target = EB3EA71A27689A6500ECFB33 /* mono */;
			targetProxy = EB3EA73A27689A6600ECFB33 /* PBXContainerItemProxy */;
		};
/* End PBXTargetDependency section */

/* Begin XCBuildConfiguration section */
		EB3EA74127689A6600ECFB33 /* Debug */ = {
			isa = XCBuildConfiguration;
			buildSettings = {
				ALWAYS_SEARCH_USER_PATHS = NO;
				CLANG_ANALYZER_NONNULL = YES;
				CLANG_ANALYZER_NUMBER_OBJECT_CONVERSION = YES_AGGRESSIVE;
				CLANG_CXX_LANGUAGE_STANDARD = "gnu++17";
				CLANG_CXX_LIBRARY = "libc++";
				CLANG_ENABLE_MODULES = YES;
				CLANG_ENABLE_OBJC_ARC = YES;
				CLANG_ENABLE_OBJC_WEAK = YES;
				CLANG_WARN_BLOCK_CAPTURE_AUTORELEASING = YES;
				CLANG_WARN_BOOL_CONVERSION = YES;
				CLANG_WARN_COMMA = YES;
				CLANG_WARN_CONSTANT_CONVERSION = YES;
				CLANG_WARN_DEPRECATED_OBJC_IMPLEMENTATIONS = YES;
				CLANG_WARN_DIRECT_OBJC_ISA_USAGE = YES_ERROR;
				CLANG_WARN_DOCUMENTATION_COMMENTS = YES;
				CLANG_WARN_EMPTY_BODY = YES;
				CLANG_WARN_ENUM_CONVERSION = YES;
				CLANG_WARN_INFINITE_RECURSION = YES;
				CLANG_WARN_INT_CONVERSION = YES;
				CLANG_WARN_NON_LITERAL_NULL_CONVERSION = YES;
				CLANG_WARN_OBJC_IMPLICIT_RETAIN_SELF = YES;
				CLANG_WARN_OBJC_LITERAL_CONVERSION = YES;
				CLANG_WARN_OBJC_ROOT_CLASS = YES_ERROR;
				CLANG_WARN_QUOTED_INCLUDE_IN_FRAMEWORK_HEADER = YES;
				CLANG_WARN_RANGE_LOOP_ANALYSIS = YES;
				CLANG_WARN_STRICT_PROTOTYPES = YES;
				CLANG_WARN_SUSPICIOUS_MOVE = YES;
				CLANG_WARN_UNGUARDED_AVAILABILITY = YES_AGGRESSIVE;
				CLANG_WARN_UNREACHABLE_CODE = YES;
				CLANG_WARN__DUPLICATE_METHOD_MATCH = YES;
				COPY_PHASE_STRIP = NO;
				DEBUG_INFORMATION_FORMAT = dwarf;
				ENABLE_STRICT_OBJC_MSGSEND = YES;
				ENABLE_TESTABILITY = YES;
				GCC_C_LANGUAGE_STANDARD = gnu11;
				GCC_DYNAMIC_NO_PIC = NO;
				GCC_NO_COMMON_BLOCKS = YES;
				GCC_OPTIMIZATION_LEVEL = 0;
				GCC_PREPROCESSOR_DEFINITIONS = (
					"DEBUG=1",
					"$(inherited)",
				);
				GCC_WARN_64_TO_32_BIT_CONVERSION = YES;
				GCC_WARN_ABOUT_RETURN_TYPE = YES_ERROR;
				GCC_WARN_UNDECLARED_SELECTOR = YES;
				GCC_WARN_UNINITIALIZED_AUTOS = YES_AGGRESSIVE;
				GCC_WARN_UNUSED_FUNCTION = YES;
				GCC_WARN_UNUSED_VARIABLE = YES;
				MACOSX_DEPLOYMENT_TARGET = 12.0;
				MTL_ENABLE_DEBUG_INFO = INCLUDE_SOURCE;
				MTL_FAST_MATH = YES;
				ONLY_ACTIVE_ARCH = YES;
				SDKROOT = macosx;
				SWIFT_ACTIVE_COMPILATION_CONDITIONS = DEBUG;
				SWIFT_OPTIMIZATION_LEVEL = "-Onone";
			};
			name = Debug;
		};
		EB3EA74227689A6600ECFB33 /* Release */ = {
			isa = XCBuildConfiguration;
			buildSettings = {
				ALWAYS_SEARCH_USER_PATHS = NO;
				CLANG_ANALYZER_NONNULL = YES;
				CLANG_ANALYZER_NUMBER_OBJECT_CONVERSION = YES_AGGRESSIVE;
				CLANG_CXX_LANGUAGE_STANDARD = "gnu++17";
				CLANG_CXX_LIBRARY = "libc++";
				CLANG_ENABLE_MODULES = YES;
				CLANG_ENABLE_OBJC_ARC = YES;
				CLANG_ENABLE_OBJC_WEAK = YES;
				CLANG_WARN_BLOCK_CAPTURE_AUTORELEASING = YES;
				CLANG_WARN_BOOL_CONVERSION = YES;
				CLANG_WARN_COMMA = YES;
				CLANG_WARN_CONSTANT_CONVERSION = YES;
				CLANG_WARN_DEPRECATED_OBJC_IMPLEMENTATIONS = YES;
				CLANG_WARN_DIRECT_OBJC_ISA_USAGE = YES_ERROR;
				CLANG_WARN_DOCUMENTATION_COMMENTS = YES;
				CLANG_WARN_EMPTY_BODY = YES;
				CLANG_WARN_ENUM_CONVERSION = YES;
				CLANG_WARN_INFINITE_RECURSION = YES;
				CLANG_WARN_INT_CONVERSION = YES;
				CLANG_WARN_NON_LITERAL_NULL_CONVERSION = YES;
				CLANG_WARN_OBJC_IMPLICIT_RETAIN_SELF = YES;
				CLANG_WARN_OBJC_LITERAL_CONVERSION = YES;
				CLANG_WARN_OBJC_ROOT_CLASS = YES_ERROR;
				CLANG_WARN_QUOTED_INCLUDE_IN_FRAMEWORK_HEADER = YES;
				CLANG_WARN_RANGE_LOOP_ANALYSIS = YES;
				CLANG_WARN_STRICT_PROTOTYPES = YES;
				CLANG_WARN_SUSPICIOUS_MOVE = YES;
				CLANG_WARN_UNGUARDED_AVAILABILITY = YES_AGGRESSIVE;
				CLANG_WARN_UNREACHABLE_CODE = YES;
				CLANG_WARN__DUPLICATE_METHOD_MATCH = YES;
				COPY_PHASE_STRIP = NO;
				DEBUG_INFORMATION_FORMAT = "dwarf-with-dsym";
				ENABLE_NS_ASSERTIONS = NO;
				ENABLE_STRICT_OBJC_MSGSEND = YES;
				GCC_C_LANGUAGE_STANDARD = gnu11;
				GCC_NO_COMMON_BLOCKS = YES;
				GCC_WARN_64_TO_32_BIT_CONVERSION = YES;
				GCC_WARN_ABOUT_RETURN_TYPE = YES_ERROR;
				GCC_WARN_UNDECLARED_SELECTOR = YES;
				GCC_WARN_UNINITIALIZED_AUTOS = YES_AGGRESSIVE;
				GCC_WARN_UNUSED_FUNCTION = YES;
				GCC_WARN_UNUSED_VARIABLE = YES;
				MACOSX_DEPLOYMENT_TARGET = 12.0;
				MTL_ENABLE_DEBUG_INFO = NO;
				MTL_FAST_MATH = YES;
				SDKROOT = macosx;
				SWIFT_COMPILATION_MODE = wholemodule;
				SWIFT_OPTIMIZATION_LEVEL = "-O";
			};
			name = Release;
		};
		EB3EA74427689A6600ECFB33 /* Debug */ = {
			isa = XCBuildConfiguration;
			buildSettings = {
				ASSETCATALOG_COMPILER_APPICON_NAME = AppIcon;
				ASSETCATALOG_COMPILER_GLOBAL_ACCENT_COLOR_NAME = AccentColor;
				CODE_SIGN_ENTITLEMENTS = mono/mono.entitlements;
				CODE_SIGN_IDENTITY = "Apple Development";
				CODE_SIGN_STYLE = Automatic;
				COMBINE_HIDPI_IMAGES = YES;
				CURRENT_PROJECT_VERSION = 1;
				DEVELOPMENT_ASSET_PATHS = "\"mono/Preview Content\"";
				DEVELOPMENT_TEAM = UN964XDAH7;
				ENABLE_HARDENED_RUNTIME = YES;
				ENABLE_PREVIEWS = YES;
				GENERATE_INFOPLIST_FILE = YES;
				INFOPLIST_FILE = mono/Info.plist;
				INFOPLIST_KEY_LSApplicationCategoryType = "public.app-category.productivity";
				INFOPLIST_KEY_NSHumanReadableCopyright = "";
				LD_RUNPATH_SEARCH_PATHS = (
					"$(inherited)",
					"@executable_path/../Frameworks",
				);
				MARKETING_VERSION = 1.0;
				PRODUCT_BUNDLE_IDENTIFIER = xyz.7df.mono;
				PRODUCT_NAME = "$(TARGET_NAME)";
				PROVISIONING_PROFILE_SPECIFIER = "";
				SWIFT_EMIT_LOC_STRINGS = YES;
				SWIFT_VERSION = 5.0;
			};
			name = Debug;
		};
		EB3EA74527689A6600ECFB33 /* Release */ = {
			isa = XCBuildConfiguration;
			buildSettings = {
				ASSETCATALOG_COMPILER_APPICON_NAME = AppIcon;
				ASSETCATALOG_COMPILER_GLOBAL_ACCENT_COLOR_NAME = AccentColor;
				CODE_SIGN_ENTITLEMENTS = mono/mono.entitlements;
				CODE_SIGN_IDENTITY = "-";
				CODE_SIGN_STYLE = Automatic;
				COMBINE_HIDPI_IMAGES = YES;
				CURRENT_PROJECT_VERSION = 1;
				DEVELOPMENT_ASSET_PATHS = "\"mono/Preview Content\"";
				DEVELOPMENT_TEAM = UN964XDAH7;
				ENABLE_HARDENED_RUNTIME = YES;
				ENABLE_PREVIEWS = YES;
				GENERATE_INFOPLIST_FILE = YES;
				INFOPLIST_FILE = mono/Info.plist;
				INFOPLIST_KEY_LSApplicationCategoryType = "public.app-category.productivity";
				INFOPLIST_KEY_NSHumanReadableCopyright = "";
				LD_RUNPATH_SEARCH_PATHS = (
					"$(inherited)",
					"@executable_path/../Frameworks",
				);
				MARKETING_VERSION = 1.0;
				PRODUCT_BUNDLE_IDENTIFIER = xyz.7df.mono;
				PRODUCT_NAME = "$(TARGET_NAME)";
				SWIFT_EMIT_LOC_STRINGS = YES;
				SWIFT_VERSION = 5.0;
			};
			name = Release;
		};
		EB3EA74727689A6600ECFB33 /* Debug */ = {
			isa = XCBuildConfiguration;
			buildSettings = {
				ALWAYS_EMBED_SWIFT_STANDARD_LIBRARIES = YES;
				BUNDLE_LOADER = "$(TEST_HOST)";
				CODE_SIGN_IDENTITY = "-";
				CODE_SIGN_STYLE = Automatic;
				COMBINE_HIDPI_IMAGES = YES;
				CURRENT_PROJECT_VERSION = 1;
				DEVELOPMENT_TEAM = UN964XDAH7;
				GENERATE_INFOPLIST_FILE = YES;
				LD_RUNPATH_SEARCH_PATHS = (
					"$(inherited)",
					"@executable_path/../Frameworks",
					"@loader_path/../Frameworks",
				);
				MACOSX_DEPLOYMENT_TARGET = 12.0;
				MARKETING_VERSION = 1.0;
				PRODUCT_BUNDLE_IDENTIFIER = xyz.7df.hTests;
				PRODUCT_NAME = "$(TARGET_NAME)";
				SWIFT_EMIT_LOC_STRINGS = NO;
				SWIFT_VERSION = 5.0;
				TEST_HOST = "$(BUILT_PRODUCTS_DIR)/mono.app/Contents/MacOS/mono";
			};
			name = Debug;
		};
		EB3EA74827689A6600ECFB33 /* Release */ = {
			isa = XCBuildConfiguration;
			buildSettings = {
				ALWAYS_EMBED_SWIFT_STANDARD_LIBRARIES = YES;
				BUNDLE_LOADER = "$(TEST_HOST)";
				CODE_SIGN_IDENTITY = "-";
				CODE_SIGN_STYLE = Automatic;
				COMBINE_HIDPI_IMAGES = YES;
				CURRENT_PROJECT_VERSION = 1;
				DEVELOPMENT_TEAM = UN964XDAH7;
				GENERATE_INFOPLIST_FILE = YES;
				LD_RUNPATH_SEARCH_PATHS = (
					"$(inherited)",
					"@executable_path/../Frameworks",
					"@loader_path/../Frameworks",
				);
				MACOSX_DEPLOYMENT_TARGET = 12.0;
				MARKETING_VERSION = 1.0;
				PRODUCT_BUNDLE_IDENTIFIER = xyz.7df.hTests;
				PRODUCT_NAME = "$(TARGET_NAME)";
				SWIFT_EMIT_LOC_STRINGS = NO;
				SWIFT_VERSION = 5.0;
				TEST_HOST = "$(BUILT_PRODUCTS_DIR)/mono.app/Contents/MacOS/mono";
			};
			name = Release;
		};
		EB3EA74A27689A6600ECFB33 /* Debug */ = {
			isa = XCBuildConfiguration;
			buildSettings = {
				ALWAYS_EMBED_SWIFT_STANDARD_LIBRARIES = YES;
				CODE_SIGN_STYLE = Automatic;
				COMBINE_HIDPI_IMAGES = YES;
				CURRENT_PROJECT_VERSION = 1;
				DEVELOPMENT_TEAM = UN964XDAH7;
				GENERATE_INFOPLIST_FILE = YES;
				LD_RUNPATH_SEARCH_PATHS = (
					"$(inherited)",
					"@executable_path/../Frameworks",
					"@loader_path/../Frameworks",
				);
				MARKETING_VERSION = 1.0;
				PRODUCT_BUNDLE_IDENTIFIER = xyz.7df.hUITests;
				PRODUCT_NAME = "$(TARGET_NAME)";
				SWIFT_EMIT_LOC_STRINGS = NO;
				SWIFT_VERSION = 5.0;
				TEST_TARGET_NAME = h;
			};
			name = Debug;
		};
		EB3EA74B27689A6600ECFB33 /* Release */ = {
			isa = XCBuildConfiguration;
			buildSettings = {
				ALWAYS_EMBED_SWIFT_STANDARD_LIBRARIES = YES;
				CODE_SIGN_STYLE = Automatic;
				COMBINE_HIDPI_IMAGES = YES;
				CURRENT_PROJECT_VERSION = 1;
				DEVELOPMENT_TEAM = UN964XDAH7;
				GENERATE_INFOPLIST_FILE = YES;
				LD_RUNPATH_SEARCH_PATHS = (
					"$(inherited)",
					"@executable_path/../Frameworks",
					"@loader_path/../Frameworks",
				);
				MARKETING_VERSION = 1.0;
				PRODUCT_BUNDLE_IDENTIFIER = xyz.7df.hUITests;
				PRODUCT_NAME = "$(TARGET_NAME)";
				SWIFT_EMIT_LOC_STRINGS = NO;
				SWIFT_VERSION = 5.0;
				TEST_TARGET_NAME = h;
			};
			name = Release;
		};
/* End XCBuildConfiguration section */

/* Begin XCConfigurationList section */
		EB3EA71627689A6500ECFB33 /* Build configuration list for PBXProject "mono" */ = {
			isa = XCConfigurationList;
			buildConfigurations = (
				EB3EA74127689A6600ECFB33 /* Debug */,
				EB3EA74227689A6600ECFB33 /* Release */,
			);
			defaultConfigurationIsVisible = 0;
			defaultConfigurationName = Release;
		};
		EB3EA74327689A6600ECFB33 /* Build configuration list for PBXNativeTarget "mono" */ = {
			isa = XCConfigurationList;
			buildConfigurations = (
				EB3EA74427689A6600ECFB33 /* Debug */,
				EB3EA74527689A6600ECFB33 /* Release */,
			);
			defaultConfigurationIsVisible = 0;
			defaultConfigurationName = Release;
		};
		EB3EA74627689A6600ECFB33 /* Build configuration list for PBXNativeTarget "monoTests" */ = {
			isa = XCConfigurationList;
			buildConfigurations = (
				EB3EA74727689A6600ECFB33 /* Debug */,
				EB3EA74827689A6600ECFB33 /* Release */,
			);
			defaultConfigurationIsVisible = 0;
			defaultConfigurationName = Release;
		};
		EB3EA74927689A6600ECFB33 /* Build configuration list for PBXNativeTarget "monoUITests" */ = {
			isa = XCConfigurationList;
			buildConfigurations = (
				EB3EA74A27689A6600ECFB33 /* Debug */,
				EB3EA74B27689A6600ECFB33 /* Release */,
			);
			defaultConfigurationIsVisible = 0;
			defaultConfigurationName = Release;
		};
/* End XCConfigurationList section */

/* Begin XCRemoteSwiftPackageReference section */
		EB55A32C276B89FE0036F475 /* XCRemoteSwiftPackageReference "Preferences" */ = {
			isa = XCRemoteSwiftPackageReference;
			repositoryURL = "https://github.com/sindresorhus/Preferences";
			requirement = {
				branch = main;
				kind = branch;
			};
		};
		EBB0BB6D27693D4F0024009C /* XCRemoteSwiftPackageReference "MarkdownUI" */ = {
			isa = XCRemoteSwiftPackageReference;
			repositoryURL = "https://github.com/gonzalezreal/MarkdownUI";
			requirement = {
				branch = main;
				kind = branch;
			};
		};
		EBC4CCBE2768B17B00267139 /* XCRemoteSwiftPackageReference "SwiftyMonaco" */ = {
			isa = XCRemoteSwiftPackageReference;
			repositoryURL = "https://github.com/ICToolkit/SwiftyMonaco.git";
			requirement = {
				branch = main;
				kind = branch;
			};
		};
/* End XCRemoteSwiftPackageReference section */

/* Begin XCSwiftPackageProductDependency section */
		EB55A32D276B89FE0036F475 /* Preferences */ = {
			isa = XCSwiftPackageProductDependency;
			package = EB55A32C276B89FE0036F475 /* XCRemoteSwiftPackageReference "Preferences" */;
			productName = Preferences;
		};
		EBB0BB6E27693D4F0024009C /* MarkdownUI */ = {
			isa = XCSwiftPackageProductDependency;
			package = EBB0BB6D27693D4F0024009C /* XCRemoteSwiftPackageReference "MarkdownUI" */;
			productName = MarkdownUI;
		};
		EBC4CCBF2768B17B00267139 /* SwiftyMonaco */ = {
			isa = XCSwiftPackageProductDependency;
			package = EBC4CCBE2768B17B00267139 /* XCRemoteSwiftPackageReference "SwiftyMonaco" */;
			productName = SwiftyMonaco;
		};
/* End XCSwiftPackageProductDependency section */
	};
	rootObject = EB3EA71327689A6500ECFB33 /* Project object */;
}
